// !$*UTF8*$!
{
	archiveVersion = 1;
	classes = {
	};
	objectVersion = 51;
	objects = {

/* Begin PBXBuildFile section */
		3044DC0624015ED500C47733 /* AppDelegate.swift in Sources */ = {isa = PBXBuildFile; fileRef = 3044DC0524015ED500C47733 /* AppDelegate.swift */; };
		3044DC0A24015ED500C47733 /* SplashViewController.swift in Sources */ = {isa = PBXBuildFile; fileRef = 3044DC0924015ED500C47733 /* SplashViewController.swift */; };
		3044DC0D24015ED500C47733 /* Main.storyboard in Resources */ = {isa = PBXBuildFile; fileRef = 3044DC0B24015ED500C47733 /* Main.storyboard */; };
		3044DC0F24015ED600C47733 /* Assets.xcassets in Resources */ = {isa = PBXBuildFile; fileRef = 3044DC0E24015ED600C47733 /* Assets.xcassets */; };
		3044DC1224015ED600C47733 /* LaunchScreen.storyboard in Resources */ = {isa = PBXBuildFile; fileRef = 3044DC1024015ED600C47733 /* LaunchScreen.storyboard */; };
		3044DC1D24015ED700C47733 /* PBlogTests.swift in Sources */ = {isa = PBXBuildFile; fileRef = 3044DC1C24015ED700C47733 /* PBlogTests.swift */; };
		3044DC2824015ED700C47733 /* PBlogUITests.swift in Sources */ = {isa = PBXBuildFile; fileRef = 3044DC2724015ED700C47733 /* PBlogUITests.swift */; };
		3044DC3E2401683500C47733 /* Coordinator.swift in Sources */ = {isa = PBXBuildFile; fileRef = 3044DC3D2401683500C47733 /* Coordinator.swift */; };
		3044DC40240168FC00C47733 /* AppCoordinator.swift in Sources */ = {isa = PBXBuildFile; fileRef = 3044DC3F240168FC00C47733 /* AppCoordinator.swift */; };
		3044DC4224016BE000C47733 /* Storyboard.swift in Sources */ = {isa = PBXBuildFile; fileRef = 3044DC4124016BE000C47733 /* Storyboard.swift */; };
		3044DC4524016C6400C47733 /* OnboardingCoordinator.swift in Sources */ = {isa = PBXBuildFile; fileRef = 3044DC4424016C6400C47733 /* OnboardingCoordinator.swift */; };
		3044DC4724016EF200C47733 /* Coordinated.swift in Sources */ = {isa = PBXBuildFile; fileRef = 3044DC4624016EF200C47733 /* Coordinated.swift */; };
		3044DC4C2402B02A00C47733 /* MainCoordinator.swift in Sources */ = {isa = PBXBuildFile; fileRef = 3044DC4B2402B02A00C47733 /* MainCoordinator.swift */; };
		3044DC4E2402B7EB00C47733 /* MainViewController.swift in Sources */ = {isa = PBXBuildFile; fileRef = 3044DC4D2402B7EB00C47733 /* MainViewController.swift */; };
		30F02C9624CCA36C001D8337 /* PreviewViewController.swift in Sources */ = {isa = PBXBuildFile; fileRef = 30F02C9524CCA36C001D8337 /* PreviewViewController.swift */; };
		30F02C9824CCAA82001D8337 /* SettingsViewController.swift in Sources */ = {isa = PBXBuildFile; fileRef = 30F02C9724CCAA82001D8337 /* SettingsViewController.swift */; };
		30F02C9A24CCAB27001D8337 /* SplashViewModel.swift in Sources */ = {isa = PBXBuildFile; fileRef = 30F02C9924CCAB27001D8337 /* SplashViewModel.swift */; };
		30F02C9C24CCAB4B001D8337 /* MainViewModel.swift in Sources */ = {isa = PBXBuildFile; fileRef = 30F02C9B24CCAB4B001D8337 /* MainViewModel.swift */; };
		30F02C9E24CCAB5C001D8337 /* PreviewViewModel.swift in Sources */ = {isa = PBXBuildFile; fileRef = 30F02C9D24CCAB5C001D8337 /* PreviewViewModel.swift */; };
		30F02CA024CCAB6F001D8337 /* SettingsViewModel.swift in Sources */ = {isa = PBXBuildFile; fileRef = 30F02C9F24CCAB6F001D8337 /* SettingsViewModel.swift */; };
		30F02CA324CCB271001D8337 /* R.generated.swift in Sources */ = {isa = PBXBuildFile; fileRef = 30F02CA224CCB271001D8337 /* R.generated.swift */; };
		30F02CA624CCBF30001D8337 /* LocalizedStrings.strings in Resources */ = {isa = PBXBuildFile; fileRef = 30F02CA824CCBF30001D8337 /* LocalizedStrings.strings */; };
		C0CFC6E5BC2AA4D6925BAAC3 /* Pods_PBlog.framework in Frameworks */ = {isa = PBXBuildFile; fileRef = B61103B06389642089768979 /* Pods_PBlog.framework */; };
		F40A21620F087C82787A3152 /* Singleton.swift in Sources */ = {isa = PBXBuildFile; fileRef = F40A2621659D64804D488C31 /* Singleton.swift */; };
		F40A27B1F51FE17406D4BD58 /* UIApplication+CurrentWindow.swift in Sources */ = {isa = PBXBuildFile; fileRef = F40A25CA6533F671F817CF4C /* UIApplication+CurrentWindow.swift */; };
		F40A2DD8AF5EA26D4511360F /* Schedulers.swift in Sources */ = {isa = PBXBuildFile; fileRef = F40A2E81C9145016BCE0A89D /* Schedulers.swift */; };
/* End PBXBuildFile section */

/* Begin PBXContainerItemProxy section */
		3044DC1924015ED700C47733 /* PBXContainerItemProxy */ = {
			isa = PBXContainerItemProxy;
			containerPortal = 3044DBFA24015ED500C47733 /* Project object */;
			proxyType = 1;
			remoteGlobalIDString = 3044DC0124015ED500C47733;
			remoteInfo = PBlog;
		};
		3044DC2424015ED700C47733 /* PBXContainerItemProxy */ = {
			isa = PBXContainerItemProxy;
			containerPortal = 3044DBFA24015ED500C47733 /* Project object */;
			proxyType = 1;
			remoteGlobalIDString = 3044DC0124015ED500C47733;
			remoteInfo = PBlog;
		};
/* End PBXContainerItemProxy section */

/* Begin PBXFileReference section */
		3044DC0224015ED500C47733 /* PBlog.app */ = {isa = PBXFileReference; explicitFileType = wrapper.application; includeInIndex = 0; path = PBlog.app; sourceTree = BUILT_PRODUCTS_DIR; };
		3044DC0524015ED500C47733 /* AppDelegate.swift */ = {isa = PBXFileReference; lastKnownFileType = sourcecode.swift; path = AppDelegate.swift; sourceTree = "<group>"; };
		3044DC0924015ED500C47733 /* SplashViewController.swift */ = {isa = PBXFileReference; lastKnownFileType = sourcecode.swift; path = SplashViewController.swift; sourceTree = "<group>"; };
		3044DC0C24015ED500C47733 /* Base */ = {isa = PBXFileReference; lastKnownFileType = file.storyboard; name = Base; path = Base.lproj/Main.storyboard; sourceTree = "<group>"; };
		3044DC0E24015ED600C47733 /* Assets.xcassets */ = {isa = PBXFileReference; lastKnownFileType = folder.assetcatalog; path = Assets.xcassets; sourceTree = "<group>"; };
		3044DC1124015ED600C47733 /* Base */ = {isa = PBXFileReference; lastKnownFileType = file.storyboard; name = Base; path = Base.lproj/LaunchScreen.storyboard; sourceTree = "<group>"; };
		3044DC1324015ED600C47733 /* Info.plist */ = {isa = PBXFileReference; lastKnownFileType = text.plist.xml; path = Info.plist; sourceTree = "<group>"; };
		3044DC1824015ED700C47733 /* PBlogTests.xctest */ = {isa = PBXFileReference; explicitFileType = wrapper.cfbundle; includeInIndex = 0; path = PBlogTests.xctest; sourceTree = BUILT_PRODUCTS_DIR; };
		3044DC1C24015ED700C47733 /* PBlogTests.swift */ = {isa = PBXFileReference; lastKnownFileType = sourcecode.swift; path = PBlogTests.swift; sourceTree = "<group>"; };
		3044DC1E24015ED700C47733 /* Info.plist */ = {isa = PBXFileReference; lastKnownFileType = text.plist.xml; path = Info.plist; sourceTree = "<group>"; };
		3044DC2324015ED700C47733 /* PBlogUITests.xctest */ = {isa = PBXFileReference; explicitFileType = wrapper.cfbundle; includeInIndex = 0; path = PBlogUITests.xctest; sourceTree = BUILT_PRODUCTS_DIR; };
		3044DC2724015ED700C47733 /* PBlogUITests.swift */ = {isa = PBXFileReference; lastKnownFileType = sourcecode.swift; path = PBlogUITests.swift; sourceTree = "<group>"; };
		3044DC2924015ED700C47733 /* Info.plist */ = {isa = PBXFileReference; lastKnownFileType = text.plist.xml; path = Info.plist; sourceTree = "<group>"; };
		3044DC3D2401683500C47733 /* Coordinator.swift */ = {isa = PBXFileReference; lastKnownFileType = sourcecode.swift; path = Coordinator.swift; sourceTree = "<group>"; };
		3044DC3F240168FC00C47733 /* AppCoordinator.swift */ = {isa = PBXFileReference; lastKnownFileType = sourcecode.swift; path = AppCoordinator.swift; sourceTree = "<group>"; };
		3044DC4124016BE000C47733 /* Storyboard.swift */ = {isa = PBXFileReference; lastKnownFileType = sourcecode.swift; path = Storyboard.swift; sourceTree = "<group>"; };
		3044DC4424016C6400C47733 /* OnboardingCoordinator.swift */ = {isa = PBXFileReference; lastKnownFileType = sourcecode.swift; path = OnboardingCoordinator.swift; sourceTree = "<group>"; };
		3044DC4624016EF200C47733 /* Coordinated.swift */ = {isa = PBXFileReference; lastKnownFileType = sourcecode.swift; path = Coordinated.swift; sourceTree = "<group>"; };
		3044DC4B2402B02A00C47733 /* MainCoordinator.swift */ = {isa = PBXFileReference; lastKnownFileType = sourcecode.swift; path = MainCoordinator.swift; sourceTree = "<group>"; };
		3044DC4D2402B7EB00C47733 /* MainViewController.swift */ = {isa = PBXFileReference; lastKnownFileType = sourcecode.swift; path = MainViewController.swift; sourceTree = "<group>"; };
		30F02C9524CCA36C001D8337 /* PreviewViewController.swift */ = {isa = PBXFileReference; lastKnownFileType = sourcecode.swift; path = PreviewViewController.swift; sourceTree = "<group>"; };
		30F02C9724CCAA82001D8337 /* SettingsViewController.swift */ = {isa = PBXFileReference; lastKnownFileType = sourcecode.swift; path = SettingsViewController.swift; sourceTree = "<group>"; };
		30F02C9924CCAB27001D8337 /* SplashViewModel.swift */ = {isa = PBXFileReference; lastKnownFileType = sourcecode.swift; path = SplashViewModel.swift; sourceTree = "<group>"; };
		30F02C9B24CCAB4B001D8337 /* MainViewModel.swift */ = {isa = PBXFileReference; lastKnownFileType = sourcecode.swift; path = MainViewModel.swift; sourceTree = "<group>"; };
		30F02C9D24CCAB5C001D8337 /* PreviewViewModel.swift */ = {isa = PBXFileReference; lastKnownFileType = sourcecode.swift; path = PreviewViewModel.swift; sourceTree = "<group>"; };
		30F02C9F24CCAB6F001D8337 /* SettingsViewModel.swift */ = {isa = PBXFileReference; lastKnownFileType = sourcecode.swift; path = SettingsViewModel.swift; sourceTree = "<group>"; };
		30F02CA224CCB271001D8337 /* R.generated.swift */ = {isa = PBXFileReference; fileEncoding = 4; lastKnownFileType = sourcecode.swift; path = R.generated.swift; sourceTree = SOURCE_ROOT; };
		30F02CA724CCBF30001D8337 /* en */ = {isa = PBXFileReference; lastKnownFileType = text.plist.strings; name = en; path = en.lproj/LocalizedStrings.strings; sourceTree = "<group>"; };
		B61103B06389642089768979 /* Pods_PBlog.framework */ = {isa = PBXFileReference; explicitFileType = wrapper.framework; includeInIndex = 0; path = Pods_PBlog.framework; sourceTree = BUILT_PRODUCTS_DIR; };
		D71AF29550F48E96C1E21DBD /* Pods-PBlog.release.xcconfig */ = {isa = PBXFileReference; includeInIndex = 1; lastKnownFileType = text.xcconfig; name = "Pods-PBlog.release.xcconfig"; path = "Target Support Files/Pods-PBlog/Pods-PBlog.release.xcconfig"; sourceTree = "<group>"; };
		F40A25CA6533F671F817CF4C /* UIApplication+CurrentWindow.swift */ = {isa = PBXFileReference; fileEncoding = 4; lastKnownFileType = sourcecode.swift; path = "UIApplication+CurrentWindow.swift"; sourceTree = "<group>"; };
		F40A2621659D64804D488C31 /* Singleton.swift */ = {isa = PBXFileReference; fileEncoding = 4; lastKnownFileType = sourcecode.swift; path = Singleton.swift; sourceTree = "<group>"; };
		F40A2E81C9145016BCE0A89D /* Schedulers.swift */ = {isa = PBXFileReference; fileEncoding = 4; lastKnownFileType = sourcecode.swift; path = Schedulers.swift; sourceTree = "<group>"; };
		FE9B7E080B05B61B313C12A6 /* Pods-PBlog.debug.xcconfig */ = {isa = PBXFileReference; includeInIndex = 1; lastKnownFileType = text.xcconfig; name = "Pods-PBlog.debug.xcconfig"; path = "Target Support Files/Pods-PBlog/Pods-PBlog.debug.xcconfig"; sourceTree = "<group>"; };
/* End PBXFileReference section */

/* Begin PBXFrameworksBuildPhase section */
		3044DBFF24015ED500C47733 /* Frameworks */ = {
			isa = PBXFrameworksBuildPhase;
			buildActionMask = 2147483647;
			files = (
				C0CFC6E5BC2AA4D6925BAAC3 /* Pods_PBlog.framework in Frameworks */,
			);
			runOnlyForDeploymentPostprocessing = 0;
		};
		3044DC1524015ED700C47733 /* Frameworks */ = {
			isa = PBXFrameworksBuildPhase;
			buildActionMask = 2147483647;
			files = (
			);
			runOnlyForDeploymentPostprocessing = 0;
		};
		3044DC2024015ED700C47733 /* Frameworks */ = {
			isa = PBXFrameworksBuildPhase;
			buildActionMask = 2147483647;
			files = (
			);
			runOnlyForDeploymentPostprocessing = 0;
		};
/* End PBXFrameworksBuildPhase section */

/* Begin PBXGroup section */
		1114F488A27E4D6D94A5BB79 /* Pods */ = {
			isa = PBXGroup;
			children = (
				FE9B7E080B05B61B313C12A6 /* Pods-PBlog.debug.xcconfig */,
				D71AF29550F48E96C1E21DBD /* Pods-PBlog.release.xcconfig */,
			);
			path = Pods;
			sourceTree = "<group>";
		};
		3044DBF924015ED500C47733 = {
			isa = PBXGroup;
			children = (
				3044DC0424015ED500C47733 /* PBlog */,
				3044DC1B24015ED700C47733 /* PBlogTests */,
				3044DC2624015ED700C47733 /* PBlogUITests */,
				3044DC0324015ED500C47733 /* Products */,
				1114F488A27E4D6D94A5BB79 /* Pods */,
				ED8E904E0DB9976F86FA4858 /* Frameworks */,
			);
			sourceTree = "<group>";
		};
		3044DC0324015ED500C47733 /* Products */ = {
			isa = PBXGroup;
			children = (
				3044DC0224015ED500C47733 /* PBlog.app */,
				3044DC1824015ED700C47733 /* PBlogTests.xctest */,
				3044DC2324015ED700C47733 /* PBlogUITests.xctest */,
			);
			name = Products;
			sourceTree = "<group>";
		};
		3044DC0424015ED500C47733 /* PBlog */ = {
			isa = PBXGroup;
			children = (
				3044DC0524015ED500C47733 /* AppDelegate.swift */,
				3044DC362401621E00C47733 /* Coordinator */,
				3044DC392401626100C47733 /* Models */,
				3044DC382401624C00C47733 /* Views */,
				3044DC3A2401626B00C47733 /* ViewModels */,
				30631EC2241D20C800C4D9F8 /* Extensions */,
				3044DC3C2401646600C47733 /* SupportingFiles */,
			);
			path = PBlog;
			sourceTree = "<group>";
		};
		3044DC1B24015ED700C47733 /* PBlogTests */ = {
			isa = PBXGroup;
			children = (
				3044DC1C24015ED700C47733 /* PBlogTests.swift */,
				3044DC1E24015ED700C47733 /* Info.plist */,
			);
			path = PBlogTests;
			sourceTree = "<group>";
		};
		3044DC2624015ED700C47733 /* PBlogUITests */ = {
			isa = PBXGroup;
			children = (
				3044DC2724015ED700C47733 /* PBlogUITests.swift */,
				3044DC2924015ED700C47733 /* Info.plist */,
			);
			path = PBlogUITests;
			sourceTree = "<group>";
		};
		3044DC362401621E00C47733 /* Coordinator */ = {
			isa = PBXGroup;
			children = (
				3044DC3D2401683500C47733 /* Coordinator.swift */,
				3044DC4624016EF200C47733 /* Coordinated.swift */,
				3044DC4324016C4300C47733 /* Coordinators */,
			);
			path = Coordinator;
			sourceTree = "<group>";
		};
		3044DC372401623100C47733 /* Controllers */ = {
			isa = PBXGroup;
			children = (
				3044DC0924015ED500C47733 /* SplashViewController.swift */,
				3044DC4D2402B7EB00C47733 /* MainViewController.swift */,
				30F02C9524CCA36C001D8337 /* PreviewViewController.swift */,
				30F02C9724CCAA82001D8337 /* SettingsViewController.swift */,
			);
			path = Controllers;
			sourceTree = "<group>";
		};
		3044DC382401624C00C47733 /* Views */ = {
			isa = PBXGroup;
			children = (
				3044DC372401623100C47733 /* Controllers */,
				3044DC4F2402BAAD00C47733 /* Storyboards */,
			);
			path = Views;
			sourceTree = "<group>";
		};
		3044DC392401626100C47733 /* Models */ = {
			isa = PBXGroup;
			children = (
				F40A2621659D64804D488C31 /* Singleton.swift */,
				F40A2E81C9145016BCE0A89D /* Schedulers.swift */,
			);
			path = Models;
			sourceTree = "<group>";
		};
		3044DC3A2401626B00C47733 /* ViewModels */ = {
			isa = PBXGroup;
			children = (
				30F02C9924CCAB27001D8337 /* SplashViewModel.swift */,
				30F02C9B24CCAB4B001D8337 /* MainViewModel.swift */,
				30F02C9D24CCAB5C001D8337 /* PreviewViewModel.swift */,
				30F02C9F24CCAB6F001D8337 /* SettingsViewModel.swift */,
			);
			path = ViewModels;
			sourceTree = "<group>";
		};
		3044DC3C2401646600C47733 /* SupportingFiles */ = {
			isa = PBXGroup;
			children = (
				30F02CA224CCB271001D8337 /* R.generated.swift */,
				3044DC0E24015ED600C47733 /* Assets.xcassets */,
				3044DC1324015ED600C47733 /* Info.plist */,
				30F02CA824CCBF30001D8337 /* LocalizedStrings.strings */,
			);
			path = SupportingFiles;
			sourceTree = "<group>";
		};
		3044DC4324016C4300C47733 /* Coordinators */ = {
			isa = PBXGroup;
			children = (
				3044DC3F240168FC00C47733 /* AppCoordinator.swift */,
				3044DC4424016C6400C47733 /* OnboardingCoordinator.swift */,
				3044DC4B2402B02A00C47733 /* MainCoordinator.swift */,
			);
			path = Coordinators;
			sourceTree = "<group>";
		};
		3044DC4F2402BAAD00C47733 /* Storyboards */ = {
			isa = PBXGroup;
			children = (
				3044DC0B24015ED500C47733 /* Main.storyboard */,
				3044DC1024015ED600C47733 /* LaunchScreen.storyboard */,
			);
			path = Storyboards;
			sourceTree = "<group>";
		};
		30631EC2241D20C800C4D9F8 /* Extensions */ = {
			isa = PBXGroup;
			children = (
				3044DC4124016BE000C47733 /* Storyboard.swift */,
				F40A25CA6533F671F817CF4C /* UIApplication+CurrentWindow.swift */,
			);
			path = Extensions;
			sourceTree = "<group>";
		};
		ED8E904E0DB9976F86FA4858 /* Frameworks */ = {
			isa = PBXGroup;
			children = (
				B61103B06389642089768979 /* Pods_PBlog.framework */,
			);
			name = Frameworks;
			sourceTree = "<group>";
		};
/* End PBXGroup section */

/* Begin PBXNativeTarget section */
		3044DC0124015ED500C47733 /* PBlog */ = {
			isa = PBXNativeTarget;
			buildConfigurationList = 3044DC2C24015ED700C47733 /* Build configuration list for PBXNativeTarget "PBlog" */;
			buildPhases = (
				6ADAB144CAA8D0F99B04B609 /* [CP] Check Pods Manifest.lock */,
				30F02CA124CCB1D8001D8337 /* Run Script */,
				3044DBFE24015ED500C47733 /* Sources */,
				3044DBFF24015ED500C47733 /* Frameworks */,
				3044DC0024015ED500C47733 /* Resources */,
				4017C18C22B4896860CC9D6C /* [CP] Embed Pods Frameworks */,
			);
			buildRules = (
			);
			dependencies = (
			);
			name = PBlog;
			productName = PBlog;
			productReference = 3044DC0224015ED500C47733 /* PBlog.app */;
			productType = "com.apple.product-type.application";
		};
		3044DC1724015ED700C47733 /* PBlogTests */ = {
			isa = PBXNativeTarget;
			buildConfigurationList = 3044DC2F24015ED700C47733 /* Build configuration list for PBXNativeTarget "PBlogTests" */;
			buildPhases = (
				3044DC1424015ED700C47733 /* Sources */,
				3044DC1524015ED700C47733 /* Frameworks */,
				3044DC1624015ED700C47733 /* Resources */,
			);
			buildRules = (
			);
			dependencies = (
				3044DC1A24015ED700C47733 /* PBXTargetDependency */,
			);
			name = PBlogTests;
			productName = PBlogTests;
			productReference = 3044DC1824015ED700C47733 /* PBlogTests.xctest */;
			productType = "com.apple.product-type.bundle.unit-test";
		};
		3044DC2224015ED700C47733 /* PBlogUITests */ = {
			isa = PBXNativeTarget;
			buildConfigurationList = 3044DC3224015ED700C47733 /* Build configuration list for PBXNativeTarget "PBlogUITests" */;
			buildPhases = (
				3044DC1F24015ED700C47733 /* Sources */,
				3044DC2024015ED700C47733 /* Frameworks */,
				3044DC2124015ED700C47733 /* Resources */,
			);
			buildRules = (
			);
			dependencies = (
				3044DC2524015ED700C47733 /* PBXTargetDependency */,
			);
			name = PBlogUITests;
			productName = PBlogUITests;
			productReference = 3044DC2324015ED700C47733 /* PBlogUITests.xctest */;
			productType = "com.apple.product-type.bundle.ui-testing";
		};
/* End PBXNativeTarget section */

/* Begin PBXProject section */
		3044DBFA24015ED500C47733 /* Project object */ = {
			isa = PBXProject;
			attributes = {
				LastSwiftUpdateCheck = 1130;
				LastUpgradeCheck = 1130;
				ORGANIZATIONNAME = "Hadži Lazar Pešić";
				TargetAttributes = {
					3044DC0124015ED500C47733 = {
						CreatedOnToolsVersion = 11.3.1;
					};
					3044DC1724015ED700C47733 = {
						CreatedOnToolsVersion = 11.3.1;
						TestTargetID = 3044DC0124015ED500C47733;
					};
					3044DC2224015ED700C47733 = {
						CreatedOnToolsVersion = 11.3.1;
						TestTargetID = 3044DC0124015ED500C47733;
					};
				};
			};
			buildConfigurationList = 3044DBFD24015ED500C47733 /* Build configuration list for PBXProject "PBlog" */;
			compatibilityVersion = "Xcode 9.3";
			developmentRegion = en;
			hasScannedForEncodings = 0;
			knownRegions = (
				en,
				Base,
			);
			mainGroup = 3044DBF924015ED500C47733;
			productRefGroup = 3044DC0324015ED500C47733 /* Products */;
			projectDirPath = "";
			projectRoot = "";
			targets = (
				3044DC0124015ED500C47733 /* PBlog */,
				3044DC1724015ED700C47733 /* PBlogTests */,
				3044DC2224015ED700C47733 /* PBlogUITests */,
			);
		};
/* End PBXProject section */

/* Begin PBXResourcesBuildPhase section */
		3044DC0024015ED500C47733 /* Resources */ = {
			isa = PBXResourcesBuildPhase;
			buildActionMask = 2147483647;
			files = (
				3044DC1224015ED600C47733 /* LaunchScreen.storyboard in Resources */,
				30F02CA624CCBF30001D8337 /* LocalizedStrings.strings in Resources */,
				3044DC0F24015ED600C47733 /* Assets.xcassets in Resources */,
				3044DC0D24015ED500C47733 /* Main.storyboard in Resources */,
			);
			runOnlyForDeploymentPostprocessing = 0;
		};
		3044DC1624015ED700C47733 /* Resources */ = {
			isa = PBXResourcesBuildPhase;
			buildActionMask = 2147483647;
			files = (
			);
			runOnlyForDeploymentPostprocessing = 0;
		};
		3044DC2124015ED700C47733 /* Resources */ = {
			isa = PBXResourcesBuildPhase;
			buildActionMask = 2147483647;
			files = (
			);
			runOnlyForDeploymentPostprocessing = 0;
		};
/* End PBXResourcesBuildPhase section */

/* Begin PBXShellScriptBuildPhase section */
		30F02CA124CCB1D8001D8337 /* Run Script */ = {
			isa = PBXShellScriptBuildPhase;
			buildActionMask = 2147483647;
			files = (
			);
			inputFileListPaths = (
			);
			inputPaths = (
				"$TEMP_DIR/rswift-lastrun",
			);
			name = "Run Script";
			outputFileListPaths = (
			);
			outputPaths = (
				$SRCROOT/R.generated.swift,
			);
			runOnlyForDeploymentPostprocessing = 0;
			shellPath = /bin/sh;
			shellScript = "\"$PODS_ROOT/R.swift/rswift\" generate \"$SRCROOT/R.generated.swift\"\n";
		};
		4017C18C22B4896860CC9D6C /* [CP] Embed Pods Frameworks */ = {
			isa = PBXShellScriptBuildPhase;
			buildActionMask = 2147483647;
			files = (
			);
			inputFileListPaths = (
				"${PODS_ROOT}/Target Support Files/Pods-PBlog/Pods-PBlog-frameworks-${CONFIGURATION}-input-files.xcfilelist",
			);
			name = "[CP] Embed Pods Frameworks";
			outputFileListPaths = (
				"${PODS_ROOT}/Target Support Files/Pods-PBlog/Pods-PBlog-frameworks-${CONFIGURATION}-output-files.xcfilelist",
			);
			runOnlyForDeploymentPostprocessing = 0;
			shellPath = /bin/sh;
			shellScript = "\"${PODS_ROOT}/Target Support Files/Pods-PBlog/Pods-PBlog-frameworks.sh\"\n";
			showEnvVarsInLog = 0;
		};
		6ADAB144CAA8D0F99B04B609 /* [CP] Check Pods Manifest.lock */ = {
			isa = PBXShellScriptBuildPhase;
			buildActionMask = 2147483647;
			files = (
			);
			inputFileListPaths = (
			);
			inputPaths = (
				"${PODS_PODFILE_DIR_PATH}/Podfile.lock",
				"${PODS_ROOT}/Manifest.lock",
			);
			name = "[CP] Check Pods Manifest.lock";
			outputFileListPaths = (
			);
			outputPaths = (
				"$(DERIVED_FILE_DIR)/Pods-PBlog-checkManifestLockResult.txt",
			);
			runOnlyForDeploymentPostprocessing = 0;
			shellPath = /bin/sh;
			shellScript = "diff \"${PODS_PODFILE_DIR_PATH}/Podfile.lock\" \"${PODS_ROOT}/Manifest.lock\" > /dev/null\nif [ $? != 0 ] ; then\n    # print error to STDERR\n    echo \"error: The sandbox is not in sync with the Podfile.lock. Run 'pod install' or update your CocoaPods installation.\" >&2\n    exit 1\nfi\n# This output is used by Xcode 'outputs' to avoid re-running this script phase.\necho \"SUCCESS\" > \"${SCRIPT_OUTPUT_FILE_0}\"\n";
			showEnvVarsInLog = 0;
		};
/* End PBXShellScriptBuildPhase section */

/* Begin PBXSourcesBuildPhase section */
		3044DBFE24015ED500C47733 /* Sources */ = {
			isa = PBXSourcesBuildPhase;
			buildActionMask = 2147483647;
			files = (
				30F02C9A24CCAB27001D8337 /* SplashViewModel.swift in Sources */,
				3044DC4724016EF200C47733 /* Coordinated.swift in Sources */,
				3044DC4E2402B7EB00C47733 /* MainViewController.swift in Sources */,
				3044DC40240168FC00C47733 /* AppCoordinator.swift in Sources */,
				3044DC4524016C6400C47733 /* OnboardingCoordinator.swift in Sources */,
				3044DC4224016BE000C47733 /* Storyboard.swift in Sources */,
				30F02CA324CCB271001D8337 /* R.generated.swift in Sources */,
				3044DC3E2401683500C47733 /* Coordinator.swift in Sources */,
				3044DC0A24015ED500C47733 /* SplashViewController.swift in Sources */,
				3044DC4C2402B02A00C47733 /* MainCoordinator.swift in Sources */,
				3044DC0624015ED500C47733 /* AppDelegate.swift in Sources */,
				30F02C9824CCAA82001D8337 /* SettingsViewController.swift in Sources */,
				F40A27B1F51FE17406D4BD58 /* UIApplication+CurrentWindow.swift in Sources */,
				F40A2DD8AF5EA26D4511360F /* Schedulers.swift in Sources */,
				30F02C9624CCA36C001D8337 /* PreviewViewController.swift in Sources */,
				F40A21620F087C82787A3152 /* Singleton.swift in Sources */,
				30F02C9C24CCAB4B001D8337 /* MainViewModel.swift in Sources */,
				30F02C9E24CCAB5C001D8337 /* PreviewViewModel.swift in Sources */,
				30F02CA024CCAB6F001D8337 /* SettingsViewModel.swift in Sources */,
			);
			runOnlyForDeploymentPostprocessing = 0;
		};
		3044DC1424015ED700C47733 /* Sources */ = {
			isa = PBXSourcesBuildPhase;
			buildActionMask = 2147483647;
			files = (
				3044DC1D24015ED700C47733 /* PBlogTests.swift in Sources */,
			);
			runOnlyForDeploymentPostprocessing = 0;
		};
		3044DC1F24015ED700C47733 /* Sources */ = {
			isa = PBXSourcesBuildPhase;
			buildActionMask = 2147483647;
			files = (
				3044DC2824015ED700C47733 /* PBlogUITests.swift in Sources */,
			);
			runOnlyForDeploymentPostprocessing = 0;
		};
/* End PBXSourcesBuildPhase section */

/* Begin PBXTargetDependency section */
		3044DC1A24015ED700C47733 /* PBXTargetDependency */ = {
			isa = PBXTargetDependency;
			target = 3044DC0124015ED500C47733 /* PBlog */;
			targetProxy = 3044DC1924015ED700C47733 /* PBXContainerItemProxy */;
		};
		3044DC2524015ED700C47733 /* PBXTargetDependency */ = {
			isa = PBXTargetDependency;
			target = 3044DC0124015ED500C47733 /* PBlog */;
			targetProxy = 3044DC2424015ED700C47733 /* PBXContainerItemProxy */;
		};
/* End PBXTargetDependency section */

/* Begin PBXVariantGroup section */
		3044DC0B24015ED500C47733 /* Main.storyboard */ = {
			isa = PBXVariantGroup;
			children = (
				3044DC0C24015ED500C47733 /* Base */,
			);
			name = Main.storyboard;
			sourceTree = "<group>";
		};
		3044DC1024015ED600C47733 /* LaunchScreen.storyboard */ = {
			isa = PBXVariantGroup;
			children = (
				3044DC1124015ED600C47733 /* Base */,
			);
			name = LaunchScreen.storyboard;
			sourceTree = "<group>";
		};
		30F02CA824CCBF30001D8337 /* LocalizedStrings.strings */ = {
			isa = PBXVariantGroup;
			children = (
				30F02CA724CCBF30001D8337 /* en */,
			);
			name = LocalizedStrings.strings;
			sourceTree = "<group>";
		};
/* End PBXVariantGroup section */

/* Begin XCBuildConfiguration section */
		3044DC2A24015ED700C47733 /* Debug */ = {
			isa = XCBuildConfiguration;
			buildSettings = {
				ALWAYS_SEARCH_USER_PATHS = NO;
				CLANG_ANALYZER_NONNULL = YES;
				CLANG_ANALYZER_NUMBER_OBJECT_CONVERSION = YES_AGGRESSIVE;
				CLANG_CXX_LANGUAGE_STANDARD = "gnu++14";
				CLANG_CXX_LIBRARY = "libc++";
				CLANG_ENABLE_MODULES = YES;
				CLANG_ENABLE_OBJC_ARC = YES;
				CLANG_ENABLE_OBJC_WEAK = YES;
				CLANG_WARN_BLOCK_CAPTURE_AUTORELEASING = YES;
				CLANG_WARN_BOOL_CONVERSION = YES;
				CLANG_WARN_COMMA = YES;
				CLANG_WARN_CONSTANT_CONVERSION = YES;
				CLANG_WARN_DEPRECATED_OBJC_IMPLEMENTATIONS = YES;
				CLANG_WARN_DIRECT_OBJC_ISA_USAGE = YES_ERROR;
				CLANG_WARN_DOCUMENTATION_COMMENTS = YES;
				CLANG_WARN_EMPTY_BODY = YES;
				CLANG_WARN_ENUM_CONVERSION = YES;
				CLANG_WARN_INFINITE_RECURSION = YES;
				CLANG_WARN_INT_CONVERSION = YES;
				CLANG_WARN_NON_LITERAL_NULL_CONVERSION = YES;
				CLANG_WARN_OBJC_IMPLICIT_RETAIN_SELF = YES;
				CLANG_WARN_OBJC_LITERAL_CONVERSION = YES;
				CLANG_WARN_OBJC_ROOT_CLASS = YES_ERROR;
				CLANG_WARN_RANGE_LOOP_ANALYSIS = YES;
				CLANG_WARN_STRICT_PROTOTYPES = YES;
				CLANG_WARN_SUSPICIOUS_MOVE = YES;
				CLANG_WARN_UNGUARDED_AVAILABILITY = YES_AGGRESSIVE;
				CLANG_WARN_UNREACHABLE_CODE = YES;
				CLANG_WARN__DUPLICATE_METHOD_MATCH = YES;
				COPY_PHASE_STRIP = NO;
				DEBUG_INFORMATION_FORMAT = dwarf;
				ENABLE_STRICT_OBJC_MSGSEND = YES;
				ENABLE_TESTABILITY = YES;
				GCC_C_LANGUAGE_STANDARD = gnu11;
				GCC_DYNAMIC_NO_PIC = NO;
				GCC_NO_COMMON_BLOCKS = YES;
				GCC_OPTIMIZATION_LEVEL = 0;
				GCC_PREPROCESSOR_DEFINITIONS = (
					"DEBUG=1",
					"$(inherited)",
				);
				GCC_WARN_64_TO_32_BIT_CONVERSION = YES;
				GCC_WARN_ABOUT_RETURN_TYPE = YES_ERROR;
				GCC_WARN_UNDECLARED_SELECTOR = YES;
				GCC_WARN_UNINITIALIZED_AUTOS = YES_AGGRESSIVE;
				GCC_WARN_UNUSED_FUNCTION = YES;
				GCC_WARN_UNUSED_VARIABLE = YES;
				IPHONEOS_DEPLOYMENT_TARGET = 13.2;
				MTL_ENABLE_DEBUG_INFO = INCLUDE_SOURCE;
				MTL_FAST_MATH = YES;
				ONLY_ACTIVE_ARCH = YES;
				SDKROOT = iphoneos;
				SWIFT_ACTIVE_COMPILATION_CONDITIONS = DEBUG;
				SWIFT_OPTIMIZATION_LEVEL = "-Onone";
			};
			name = Debug;
		};
		3044DC2B24015ED700C47733 /* Release */ = {
			isa = XCBuildConfiguration;
			buildSettings = {
				ALWAYS_SEARCH_USER_PATHS = NO;
				CLANG_ANALYZER_NONNULL = YES;
				CLANG_ANALYZER_NUMBER_OBJECT_CONVERSION = YES_AGGRESSIVE;
				CLANG_CXX_LANGUAGE_STANDARD = "gnu++14";
				CLANG_CXX_LIBRARY = "libc++";
				CLANG_ENABLE_MODULES = YES;
				CLANG_ENABLE_OBJC_ARC = YES;
				CLANG_ENABLE_OBJC_WEAK = YES;
				CLANG_WARN_BLOCK_CAPTURE_AUTORELEASING = YES;
				CLANG_WARN_BOOL_CONVERSION = YES;
				CLANG_WARN_COMMA = YES;
				CLANG_WARN_CONSTANT_CONVERSION = YES;
				CLANG_WARN_DEPRECATED_OBJC_IMPLEMENTATIONS = YES;
				CLANG_WARN_DIRECT_OBJC_ISA_USAGE = YES_ERROR;
				CLANG_WARN_DOCUMENTATION_COMMENTS = YES;
				CLANG_WARN_EMPTY_BODY = YES;
				CLANG_WARN_ENUM_CONVERSION = YES;
				CLANG_WARN_INFINITE_RECURSION = YES;
				CLANG_WARN_INT_CONVERSION = YES;
				CLANG_WARN_NON_LITERAL_NULL_CONVERSION = YES;
				CLANG_WARN_OBJC_IMPLICIT_RETAIN_SELF = YES;
				CLANG_WARN_OBJC_LITERAL_CONVERSION = YES;
				CLANG_WARN_OBJC_ROOT_CLASS = YES_ERROR;
				CLANG_WARN_RANGE_LOOP_ANALYSIS = YES;
				CLANG_WARN_STRICT_PROTOTYPES = YES;
				CLANG_WARN_SUSPICIOUS_MOVE = YES;
				CLANG_WARN_UNGUARDED_AVAILABILITY = YES_AGGRESSIVE;
				CLANG_WARN_UNREACHABLE_CODE = YES;
				CLANG_WARN__DUPLICATE_METHOD_MATCH = YES;
				COPY_PHASE_STRIP = NO;
				DEBUG_INFORMATION_FORMAT = "dwarf-with-dsym";
				ENABLE_NS_ASSERTIONS = NO;
				ENABLE_STRICT_OBJC_MSGSEND = YES;
				GCC_C_LANGUAGE_STANDARD = gnu11;
				GCC_NO_COMMON_BLOCKS = YES;
				GCC_WARN_64_TO_32_BIT_CONVERSION = YES;
				GCC_WARN_ABOUT_RETURN_TYPE = YES_ERROR;
				GCC_WARN_UNDECLARED_SELECTOR = YES;
				GCC_WARN_UNINITIALIZED_AUTOS = YES_AGGRESSIVE;
				GCC_WARN_UNUSED_FUNCTION = YES;
				GCC_WARN_UNUSED_VARIABLE = YES;
				IPHONEOS_DEPLOYMENT_TARGET = 13.2;
				MTL_ENABLE_DEBUG_INFO = NO;
				MTL_FAST_MATH = YES;
				SDKROOT = iphoneos;
				SWIFT_COMPILATION_MODE = wholemodule;
				SWIFT_OPTIMIZATION_LEVEL = "-O";
				VALIDATE_PRODUCT = YES;
			};
			name = Release;
		};
		3044DC2D24015ED700C47733 /* Debug */ = {
			isa = XCBuildConfiguration;
			baseConfigurationReference = FE9B7E080B05B61B313C12A6 /* Pods-PBlog.debug.xcconfig */;
			buildSettings = {
				ASSETCATALOG_COMPILER_APPICON_NAME = AppIcon;
				CODE_SIGN_STYLE = Automatic;
				DEVELOPMENT_TEAM = L578Q4W44T;
				INFOPLIST_FILE = PBlog/SupportingFiles/Info.plist;
				IPHONEOS_DEPLOYMENT_TARGET = 10.0;
				LD_RUNPATH_SEARCH_PATHS = (
					"$(inherited)",
					"@executable_path/Frameworks",
				);
				MARKETING_VERSION = 1.0.0;
				PRODUCT_BUNDLE_IDENTIFIER = com.mobiledevelopment.PBlog;
				PRODUCT_NAME = "$(TARGET_NAME)";
				SWIFT_VERSION = 5.0;
				TARGETED_DEVICE_FAMILY = "1,2";
			};
			name = Debug;
		};
		3044DC2E24015ED700C47733 /* Release */ = {
			isa = XCBuildConfiguration;
			baseConfigurationReference = D71AF29550F48E96C1E21DBD /* Pods-PBlog.release.xcconfig */;
			buildSettings = {
				ASSETCATALOG_COMPILER_APPICON_NAME = AppIcon;
				CODE_SIGN_STYLE = Automatic;
				DEVELOPMENT_TEAM = L578Q4W44T;
				INFOPLIST_FILE = PBlog/SupportingFiles/Info.plist;
				IPHONEOS_DEPLOYMENT_TARGET = 10.0;
				LD_RUNPATH_SEARCH_PATHS = (
					"$(inherited)",
					"@executable_path/Frameworks",
				);
				MARKETING_VERSION = 1.0.0;
				PRODUCT_BUNDLE_IDENTIFIER = com.mobiledevelopment.PBlog;
				PRODUCT_NAME = "$(TARGET_NAME)";
				SWIFT_VERSION = 5.0;
				TARGETED_DEVICE_FAMILY = "1,2";
			};
			name = Release;
		};
		3044DC3024015ED700C47733 /* Debug */ = {
			isa = XCBuildConfiguration;
			buildSettings = {
				ALWAYS_EMBED_SWIFT_STANDARD_LIBRARIES = YES;
				BUNDLE_LOADER = "$(TEST_HOST)";
				CODE_SIGN_STYLE = Automatic;
				DEVELOPMENT_TEAM = L578Q4W44T;
				INFOPLIST_FILE = PBlogTests/Info.plist;
				IPHONEOS_DEPLOYMENT_TARGET = 13.2;
				LD_RUNPATH_SEARCH_PATHS = (
					"$(inherited)",
					"@executable_path/Frameworks",
					"@loader_path/Frameworks",
				);
				PRODUCT_BUNDLE_IDENTIFIER = com.mobiledevelopment.PBlogTests;
				PRODUCT_NAME = "$(TARGET_NAME)";
				SWIFT_VERSION = 5.0;
				TARGETED_DEVICE_FAMILY = "1,2";
				TEST_HOST = "$(BUILT_PRODUCTS_DIR)/PBlog.app/PBlog";
			};
			name = Debug;
		};
		3044DC3124015ED700C47733 /* Release */ = {
			isa = XCBuildConfiguration;
			buildSettings = {
				ALWAYS_EMBED_SWIFT_STANDARD_LIBRARIES = YES;
				BUNDLE_LOADER = "$(TEST_HOST)";
				CODE_SIGN_STYLE = Automatic;
				DEVELOPMENT_TEAM = L578Q4W44T;
				INFOPLIST_FILE = PBlogTests/Info.plist;
				IPHONEOS_DEPLOYMENT_TARGET = 13.2;
				LD_RUNPATH_SEARCH_PATHS = (
					"$(inherited)",
					"@executable_path/Frameworks",
					"@loader_path/Frameworks",
				);
				PRODUCT_BUNDLE_IDENTIFIER = com.mobiledevelopment.PBlogTests;
				PRODUCT_NAME = "$(TARGET_NAME)";
				SWIFT_VERSION = 5.0;
				TARGETED_DEVICE_FAMILY = "1,2";
				TEST_HOST = "$(BUILT_PRODUCTS_DIR)/PBlog.app/PBlog";
			};
			name = Release;
		};
		3044DC3324015ED700C47733 /* Debug */ = {
			isa = XCBuildConfiguration;
			buildSettings = {
				ALWAYS_EMBED_SWIFT_STANDARD_LIBRARIES = YES;
				CODE_SIGN_STYLE = Automatic;
				DEVELOPMENT_TEAM = L578Q4W44T;
				INFOPLIST_FILE = PBlogUITests/Info.plist;
				LD_RUNPATH_SEARCH_PATHS = (
					"$(inherited)",
					"@executable_path/Frameworks",
					"@loader_path/Frameworks",
				);
				PRODUCT_BUNDLE_IDENTIFIER = com.mobiledevelopment.PBlogUITests;
				PRODUCT_NAME = "$(TARGET_NAME)";
				SWIFT_VERSION = 5.0;
				TARGETED_DEVICE_FAMILY = "1,2";
				TEST_TARGET_NAME = PBlog;
			};
			name = Debug;
		};
		3044DC3424015ED700C47733 /* Release */ = {
			isa = XCBuildConfiguration;
			buildSettings = {
				ALWAYS_EMBED_SWIFT_STANDARD_LIBRARIES = YES;
				CODE_SIGN_STYLE = Automatic;
				DEVELOPMENT_TEAM = L578Q4W44T;
				INFOPLIST_FILE = PBlogUITests/Info.plist;
				LD_RUNPATH_SEARCH_PATHS = (
					"$(inherited)",
					"@executable_path/Frameworks",
					"@loader_path/Frameworks",
				);
				PRODUCT_BUNDLE_IDENTIFIER = com.mobiledevelopment.PBlogUITests;
				PRODUCT_NAME = "$(TARGET_NAME)";
				SWIFT_VERSION = 5.0;
				TARGETED_DEVICE_FAMILY = "1,2";
				TEST_TARGET_NAME = PBlog;
			};
			name = Release;
		};
/* End XCBuildConfiguration section */

/* Begin XCConfigurationList section */
		3044DBFD24015ED500C47733 /* Build configuration list for PBXProject "PBlog" */ = {
			isa = XCConfigurationList;
			buildConfigurations = (
				3044DC2A24015ED700C47733 /* Debug */,
				3044DC2B24015ED700C47733 /* Release */,
			);
			defaultConfigurationIsVisible = 0;
			defaultConfigurationName = Release;
		};
		3044DC2C24015ED700C47733 /* Build configuration list for PBXNativeTarget "PBlog" */ = {
			isa = XCConfigurationList;
			buildConfigurations = (
				3044DC2D24015ED700C47733 /* Debug */,
				3044DC2E24015ED700C47733 /* Release */,
			);
			defaultConfigurationIsVisible = 0;
			defaultConfigurationName = Release;
		};
		3044DC2F24015ED700C47733 /* Build configuration list for PBXNativeTarget "PBlogTests" */ = {
			isa = XCConfigurationList;
			buildConfigurations = (
				3044DC3024015ED700C47733 /* Debug */,
				3044DC3124015ED700C47733 /* Release */,
			);
			defaultConfigurationIsVisible = 0;
			defaultConfigurationName = Release;
		};
		3044DC3224015ED700C47733 /* Build configuration list for PBXNativeTarget "PBlogUITests" */ = {
			isa = XCConfigurationList;
			buildConfigurations = (
				3044DC3324015ED700C47733 /* Debug */,
				3044DC3424015ED700C47733 /* Release */,
			);
			defaultConfigurationIsVisible = 0;
			defaultConfigurationName = Release;
		};
/* End XCConfigurationList section */
	};
	rootObject = 3044DBFA24015ED500C47733 /* Project object */;
}
